
Microsoft Visual Studio Solution File, Format Version 12.00
# Visual Studio 15
VisualStudioVersion = 15.0.28307.489
MinimumVisualStudioVersion = 10.0.40219.1
Project("{FAE04EC0-301F-11D3-BF4B-00C04F79EFBC}") = "SpecificationPatternDemo", "SpecificationPatternDemo\SpecificationPatternDemo.csproj", "{C409975D-EE2A-4CEC-94CA-41B216561787}"
EndProject
Global
	GlobalSection(SolutionConfigurationPlatforms) = preSolution
		Debug|Any CPU = Debug|Any CPU
		Release|Any CPU = Release|Any CPU
	EndGlobalSection
	GlobalSection(ProjectConfigurationPlatforms) = postSolution
		{C409975D-EE2A-4CEC-94CA-41B216561787}.Debug|Any CPU.ActiveCfg = Debug|Any CPU
		{C409975D-EE2A-4CEC-94CA-41B216561787}.Debug|Any CPU.Build.0 = Debug|Any CPU
		{C409975D-EE2A-4CEC-94CA-41B216561787}.Release|Any CPU.ActiveCfg = Release|Any CPU
		{C409975D-EE2A-4CEC-94CA-41B216561787}.Release|Any CPU.Build.0 = Release|Any CPU
	EndGlobalSection
	GlobalSection(SolutionProperties) = preSolution
		HideSolutionNode = FALSE
	EndGlobalSection
	GlobalSection(ExtensibilityGlobals) = postSolution
		SolutionGuid = {EA309710-75C8-466D-A52D-887EF879B411}
	EndGlobalSection
EndGlobal
